Microsoft Visual Studio Solution File, Format Version 12.00
# Visual Studio Version 17
VisualStudioVersion = 17.12.35514.174
MinimumVisualStudioVersion = 10.0.40219.1
Project("{2150E333-8FDC-42A3-9474-1A3956D46DE8}") = "src", "src", "{59FB16D6-5EB4-454A-A77F-78417DBD3CC8}"
EndProject
Project("{2150E333-8FDC-42A3-9474-1A3956D46DE8}") = "samples", "samples", "{BA5A1542-0A32-41A2-8EE1-4647B1DA53B3}"
	ProjectSection(SolutionItems) = preProject
		samples\generate-keys.ps1 = samples\generate-keys.ps1
		samples\generate-keys.sh = samples\generate-keys.sh
		samples\update-clientsecret.ps1 = samples\update-clientsecret.ps1
		samples\update-clientsecret.sh = samples\update-clientsecret.sh
	EndProjectSection
EndProject
Project("{2150E333-8FDC-42A3-9474-1A3956D46DE8}") = "tests", "tests", "{C601F527-2B0D-4CF0-9786-062A0D4BEC17}"
EndProject
Project("{FAE04EC0-301F-11D3-BF4B-00C04F79EFBC}") = "Fhi.HelseIdSelvbetjening.UnitTests", "tests\Fhi.HelseIdSelvbetjening.UnitTests\Fhi.HelseIdSelvbetjening.UnitTests.csproj", "{36FCA588-8C3E-4B67-82DA-2029B82BED93}"
EndProject
Project("{2150E333-8FDC-42A3-9474-1A3956D46DE8}") = "Solution Items", "Solution Items", "{B31D3BB4-71ED-4EF0-9D3D-F7BC774FDD2D}"
	ProjectSection(SolutionItems) = preProject
		src\Directory.Build.props = src\Directory.Build.props
		Directory.Packages.props = Directory.Packages.props
		global.json = global.json
		.github\workflows\HelseId.Tools.CI.yml = .github\workflows\HelseId.Tools.CI.yml
		.github\workflows\HelseId.Tools.Documentation.yml = .github\workflows\HelseId.Tools.Documentation.yml
		.github\workflows\HelseId.Tools.publish.yml = .github\workflows\HelseId.Tools.publish.yml
	EndProjectSection
EndProject
Project("{FAE04EC0-301F-11D3-BF4B-00C04F79EFBC}") = "Fhi.HelseIdSelvbetjening.CLI.Tests", "tests\Fhi.HelseIdSelvbetjening.CLI.Tests\Fhi.HelseIdSelvbetjening.CLI.Tests.csproj", "{E0CF0C1A-5767-06A6-B8EC-D592021EAE2B}"
EndProject
Project("{2150E333-8FDC-42A3-9474-1A3956D46DE8}") = "Fhi.HelseId", "Fhi.HelseId", "{02EA681E-C7D8-13C7-8484-4AC65E1B71E8}"
EndProject
Project("{FAE04EC0-301F-11D3-BF4B-00C04F79EFBC}") = "Fhi.HelseIdSelvbetjening", "src\Fhi.HelseId\Fhi.HelseId.Selvbetjening\Fhi.HelseIdSelvbetjening.csproj", "{60890548-A812-E4F7-7285-64D616F87E93}"
EndProject
Project("{FAE04EC0-301F-11D3-BF4B-00C04F79EFBC}") = "Fhi.HelseIdSelvbetjening.CLI", "src\Fhi.HelseId\Fhi.HelseIdSelvbetjening.CLI\Fhi.HelseIdSelvbetjening.CLI.csproj", "{5B197C34-4074-BFAD-D6CF-D16F2C0A2BEB}"
EndProject
Global
	GlobalSection(SolutionConfigurationPlatforms) = preSolution
		Debug|Any CPU = Debug|Any CPU
		Release|Any CPU = Release|Any CPU
	EndGlobalSection
	GlobalSection(ProjectConfigurationPlatforms) = postSolution
		{36FCA588-8C3E-4B67-82DA-2029B82BED93}.Debug|Any CPU.ActiveCfg = Debug|Any CPU
		{36FCA588-8C3E-4B67-82DA-2029B82BED93}.Debug|Any CPU.Build.0 = Debug|Any CPU
		{36FCA588-8C3E-4B67-82DA-2029B82BED93}.Release|Any CPU.ActiveCfg = Release|Any CPU
		{36FCA588-8C3E-4B67-82DA-2029B82BED93}.Release|Any CPU.Build.0 = Release|Any CPU
		{E0CF0C1A-5767-06A6-B8EC-D592021EAE2B}.Debug|Any CPU.ActiveCfg = Debug|Any CPU
		{E0CF0C1A-5767-06A6-B8EC-D592021EAE2B}.Debug|Any CPU.Build.0 = Debug|Any CPU
		{E0CF0C1A-5767-06A6-B8EC-D592021EAE2B}.Release|Any CPU.ActiveCfg = Release|Any CPU
		{E0CF0C1A-5767-06A6-B8EC-D592021EAE2B}.Release|Any CPU.Build.0 = Release|Any CPU
		{60890548-A812-E4F7-7285-64D616F87E93}.Debug|Any CPU.ActiveCfg = Debug|Any CPU
		{60890548-A812-E4F7-7285-64D616F87E93}.Debug|Any CPU.Build.0 = Debug|Any CPU
		{60890548-A812-E4F7-7285-64D616F87E93}.Release|Any CPU.ActiveCfg = Release|Any CPU
		{60890548-A812-E4F7-7285-64D616F87E93}.Release|Any CPU.Build.0 = Release|Any CPU
		{5B197C34-4074-BFAD-D6CF-D16F2C0A2BEB}.Debug|Any CPU.ActiveCfg = Debug|Any CPU
		{5B197C34-4074-BFAD-D6CF-D16F2C0A2BEB}.Debug|Any CPU.Build.0 = Debug|Any CPU
		{5B197C34-4074-BFAD-D6CF-D16F2C0A2BEB}.Release|Any CPU.ActiveCfg = Release|Any CPU
		{5B197C34-4074-BFAD-D6CF-D16F2C0A2BEB}.Release|Any CPU.Build.0 = Release|Any CPU
	EndGlobalSection
	GlobalSection(SolutionProperties) = preSolution
		HideSolutionNode = FALSE
	EndGlobalSection
	GlobalSection(NestedProjects) = preSolution
		{36FCA588-8C3E-4B67-82DA-2029B82BED93} = {C601F527-2B0D-4CF0-9786-062A0D4BEC17}
		{E0CF0C1A-5767-06A6-B8EC-D592021EAE2B} = {C601F527-2B0D-4CF0-9786-062A0D4BEC17}
		{02EA681E-C7D8-13C7-8484-4AC65E1B71E8} = {59FB16D6-5EB4-454A-A77F-78417DBD3CC8}
		{60890548-A812-E4F7-7285-64D616F87E93} = {02EA681E-C7D8-13C7-8484-4AC65E1B71E8}
		{5B197C34-4074-BFAD-D6CF-D16F2C0A2BEB} = {02EA681E-C7D8-13C7-8484-4AC65E1B71E8}
	EndGlobalSection
	GlobalSection(ExtensibilityGlobals) = postSolution
		SolutionGuid = {35A883FA-3874-441D-9EDB-53AC331556AB}
	EndGlobalSection
EndGlobal
