Microsoft Visual Studio Solution File, Format Version 12.00
# Visual Studio Version 17
VisualStudioVersion = 17.12.35514.174
MinimumVisualStudioVersion = 10.0.40219.1
Project("{2150E333-8FDC-42A3-9474-1A3956D46DE8}") = "samples", "samples", "{BA5A1542-0A32-41A2-8EE1-4647B1DA53B3}"
	ProjectSection(SolutionItems) = preProject
		samples\generate-keys.ps1 = samples\generate-keys.ps1
		samples\generate-keys.sh = samples\generate-keys.sh
		samples\update-clientsecret.ps1 = samples\update-clientsecret.ps1
		samples\update-clientsecret.sh = samples\update-clientsecret.sh
	EndProjectSection
EndProject
Project("{2150E333-8FDC-42A3-9474-1A3956D46DE8}") = "Solution Items", "Solution Items", "{B31D3BB4-71ED-4EF0-9D3D-F7BC774FDD2D}"
	ProjectSection(SolutionItems) = preProject
		src\Directory.Build.props = src\Directory.Build.props
		Directory.Packages.props = Directory.Packages.props
		global.json = global.json
		.github\workflows\HelseId.Tools.CI.yml = .github\workflows\HelseId.Tools.CI.yml
		.github\workflows\HelseId.Tools.Documentation.yml = .github\workflows\HelseId.Tools.Documentation.yml
		.github\workflows\HelseId.Tools.publish.yml = .github\workflows\HelseId.Tools.publish.yml
	EndProjectSection
EndProject
Project("{2150E333-8FDC-42A3-9474-1A3956D46DE8}") = "Fhi.HelseId", "Fhi.HelseId", "{EA05B801-37F8-49A7-8721-CC8C75F415CF}"
EndProject
Project("{2150E333-8FDC-42A3-9474-1A3956D46DE8}") = "src", "src", "{D4A6631E-D7D4-4AEA-BF8C-75046AC71D47}"
EndProject
Project("{2150E333-8FDC-42A3-9474-1A3956D46DE8}") = "tests", "tests", "{9252C91C-4CC8-4C69-A30C-BE3994DFEFEB}"
EndProject
Project("{FAE04EC0-301F-11D3-BF4B-00C04F79EFBC}") = "Fhi.HelseIdSelvbetjening", "Fhi.HelseId\src\Fhi.HelseId.Selvbetjening\Fhi.HelseIdSelvbetjening.csproj", "{7E16E7B8-8C81-3C16-2D24-9BA1EEB81133}"
EndProject
Project("{FAE04EC0-301F-11D3-BF4B-00C04F79EFBC}") = "Fhi.HelseIdSelvbetjening.CLI", "Fhi.HelseId\src\Fhi.HelseIdSelvbetjening.CLI\Fhi.HelseIdSelvbetjening.CLI.csproj", "{0A81B1D9-47E5-3849-727A-FC40D46B9D24}"
EndProject
Project("{FAE04EC0-301F-11D3-BF4B-00C04F79EFBC}") = "Fhi.HelseIdSelvbetjening.CLI.Tests", "Fhi.HelseId\tests\Fhi.HelseIdSelvbetjening.CLI.Tests\Fhi.HelseIdSelvbetjening.CLI.Tests.csproj", "{0B0F6D17-1E6E-2874-8E5A-0219993F92D7}"
EndProject
Project("{FAE04EC0-301F-11D3-BF4B-00C04F79EFBC}") = "Fhi.HelseIdSelvbetjening.UnitTests", "Fhi.HelseId\tests\Fhi.HelseIdSelvbetjening.UnitTests\Fhi.HelseIdSelvbetjening.UnitTests.csproj", "{7DBFCE44-86A7-1606-748F-4404656A84D9}"
EndProject
Project("{2150E333-8FDC-42A3-9474-1A3956D46DE8}") = "Fhi.Security", "Fhi.Security", "{02EA681E-C7D8-13C7-8484-4AC65E1B71E8}"
EndProject
Project("{2150E333-8FDC-42A3-9474-1A3956D46DE8}") = "src", "src", "{01985FAE-73E8-4269-B5F5-22D6CBF504DB}"
EndProject
Project("{2150E333-8FDC-42A3-9474-1A3956D46DE8}") = "tests", "tests", "{FEA26183-6803-46AB-8F31-1C02E5FB0BBA}"
EndProject
Project("{FAE04EC0-301F-11D3-BF4B-00C04F79EFBC}") = "Fhi.Security.Cryptography", "Fhi.Security\src\Fhi.Security.Cryptography\Fhi.Security.Cryptography.csproj", "{4D44BE12-D8D9-809E-9493-DF9116AF65BC}"
EndProject
Project("{FAE04EC0-301F-11D3-BF4B-00C04F79EFBC}") = "Fhi.Security.Cryptography.UnitTests", "Fhi.Security\tests\Fhi.Security.Cryptography.UnitTests\Fhi.Security.Cryptography.UnitTests.csproj", "{4A13FD0C-8C72-492B-8E10-D2992B596AD8}"
EndProject
Project("{FAE04EC0-301F-11D3-BF4B-00C04F79EFBC}") = "Fhi.Security.Cryptography.CLI", "Fhi.Security\src\Fhi.Security.Cryptography.CLI\Fhi.Security.Cryptography.CLI.csproj", "{1D543554-C0D2-B0A7-7908-F49DC5E24896}"
EndProject
Global
	GlobalSection(SolutionConfigurationPlatforms) = preSolution
		Debug|Any CPU = Debug|Any CPU
		Release|Any CPU = Release|Any CPU
	EndGlobalSection
	GlobalSection(ProjectConfigurationPlatforms) = postSolution
		{7E16E7B8-8C81-3C16-2D24-9BA1EEB81133}.Debug|Any CPU.ActiveCfg = Debug|Any CPU
		{7E16E7B8-8C81-3C16-2D24-9BA1EEB81133}.Debug|Any CPU.Build.0 = Debug|Any CPU
		{7E16E7B8-8C81-3C16-2D24-9BA1EEB81133}.Release|Any CPU.ActiveCfg = Release|Any CPU
		{7E16E7B8-8C81-3C16-2D24-9BA1EEB81133}.Release|Any CPU.Build.0 = Release|Any CPU
		{0A81B1D9-47E5-3849-727A-FC40D46B9D24}.Debug|Any CPU.ActiveCfg = Debug|Any CPU
		{0A81B1D9-47E5-3849-727A-FC40D46B9D24}.Debug|Any CPU.Build.0 = Debug|Any CPU
		{0A81B1D9-47E5-3849-727A-FC40D46B9D24}.Release|Any CPU.ActiveCfg = Release|Any CPU
		{0A81B1D9-47E5-3849-727A-FC40D46B9D24}.Release|Any CPU.Build.0 = Release|Any CPU
		{0B0F6D17-1E6E-2874-8E5A-0219993F92D7}.Debug|Any CPU.ActiveCfg = Debug|Any CPU
		{0B0F6D17-1E6E-2874-8E5A-0219993F92D7}.Debug|Any CPU.Build.0 = Debug|Any CPU
		{0B0F6D17-1E6E-2874-8E5A-0219993F92D7}.Release|Any CPU.ActiveCfg = Release|Any CPU
		{0B0F6D17-1E6E-2874-8E5A-0219993F92D7}.Release|Any CPU.Build.0 = Release|Any CPU
		{7DBFCE44-86A7-1606-748F-4404656A84D9}.Debug|Any CPU.ActiveCfg = Debug|Any CPU
		{7DBFCE44-86A7-1606-748F-4404656A84D9}.Debug|Any CPU.Build.0 = Debug|Any CPU
		{7DBFCE44-86A7-1606-748F-4404656A84D9}.Release|Any CPU.ActiveCfg = Release|Any CPU
		{7DBFCE44-86A7-1606-748F-4404656A84D9}.Release|Any CPU.Build.0 = Release|Any CPU
		{4D44BE12-D8D9-809E-9493-DF9116AF65BC}.Debug|Any CPU.ActiveCfg = Debug|Any CPU
		{4D44BE12-D8D9-809E-9493-DF9116AF65BC}.Debug|Any CPU.Build.0 = Debug|Any CPU
		{4D44BE12-D8D9-809E-9493-DF9116AF65BC}.Release|Any CPU.ActiveCfg = Release|Any CPU
		{4D44BE12-D8D9-809E-9493-DF9116AF65BC}.Release|Any CPU.Build.0 = Release|Any CPU
		{4A13FD0C-8C72-492B-8E10-D2992B596AD8}.Debug|Any CPU.ActiveCfg = Debug|Any CPU
		{4A13FD0C-8C72-492B-8E10-D2992B596AD8}.Debug|Any CPU.Build.0 = Debug|Any CPU
		{4A13FD0C-8C72-492B-8E10-D2992B596AD8}.Release|Any CPU.ActiveCfg = Release|Any CPU
		{4A13FD0C-8C72-492B-8E10-D2992B596AD8}.Release|Any CPU.Build.0 = Release|Any CPU
		{1D543554-C0D2-B0A7-7908-F49DC5E24896}.Debug|Any CPU.ActiveCfg = Debug|Any CPU
		{1D543554-C0D2-B0A7-7908-F49DC5E24896}.Debug|Any CPU.Build.0 = Debug|Any CPU
		{1D543554-C0D2-B0A7-7908-F49DC5E24896}.Release|Any CPU.ActiveCfg = Release|Any CPU
		{1D543554-C0D2-B0A7-7908-F49DC5E24896}.Release|Any CPU.Build.0 = Release|Any CPU
	EndGlobalSection
	GlobalSection(SolutionProperties) = preSolution
		HideSolutionNode = FALSE
	EndGlobalSection
	GlobalSection(NestedProjects) = preSolution
		{D4A6631E-D7D4-4AEA-BF8C-75046AC71D47} = {EA05B801-37F8-49A7-8721-CC8C75F415CF}
		{9252C91C-4CC8-4C69-A30C-BE3994DFEFEB} = {EA05B801-37F8-49A7-8721-CC8C75F415CF}
		{7E16E7B8-8C81-3C16-2D24-9BA1EEB81133} = {D4A6631E-D7D4-4AEA-BF8C-75046AC71D47}
		{0A81B1D9-47E5-3849-727A-FC40D46B9D24} = {D4A6631E-D7D4-4AEA-BF8C-75046AC71D47}
		{0B0F6D17-1E6E-2874-8E5A-0219993F92D7} = {9252C91C-4CC8-4C69-A30C-BE3994DFEFEB}
		{7DBFCE44-86A7-1606-748F-4404656A84D9} = {9252C91C-4CC8-4C69-A30C-BE3994DFEFEB}
		{01985FAE-73E8-4269-B5F5-22D6CBF504DB} = {02EA681E-C7D8-13C7-8484-4AC65E1B71E8}
		{FEA26183-6803-46AB-8F31-1C02E5FB0BBA} = {02EA681E-C7D8-13C7-8484-4AC65E1B71E8}
		{4D44BE12-D8D9-809E-9493-DF9116AF65BC} = {01985FAE-73E8-4269-B5F5-22D6CBF504DB}
		{4A13FD0C-8C72-492B-8E10-D2992B596AD8} = {FEA26183-6803-46AB-8F31-1C02E5FB0BBA}
		{1D543554-C0D2-B0A7-7908-F49DC5E24896} = {01985FAE-73E8-4269-B5F5-22D6CBF504DB}
	EndGlobalSection
	GlobalSection(ExtensibilityGlobals) = postSolution
		SolutionGuid = {35A883FA-3874-441D-9EDB-53AC331556AB}
	EndGlobalSection
EndGlobal
